
Microsoft Visual Studio Solution File, Format Version 12.00
# Visual Studio 14
VisualStudioVersion = 14.0.25420.1
MinimumVisualStudioVersion = 10.0.40219.1
Project("{FAE04EC0-301F-11D3-BF4B-00C04F79EFBC}") = "IsaProjekat.WebApp", "IsaProjekat.WebApp\IsaProjekat.WebApp.csproj", "{29561801-F88F-454B-9087-E09B98842D71}"
EndProject
Project("{FAE04EC0-301F-11D3-BF4B-00C04F79EFBC}") = "IsaProjekat.DataAcces", "IsaProjekat.DataAcces\IsaProjekat.DataAcces.csproj", "{D82DE189-A1F9-476B-AABD-25B8181DD60E}"
EndProject
Global
	GlobalSection(SolutionConfigurationPlatforms) = preSolution
		Debug|Any CPU = Debug|Any CPU
		Release|Any CPU = Release|Any CPU
	EndGlobalSection
	GlobalSection(ProjectConfigurationPlatforms) = postSolution
		{29561801-F88F-454B-9087-E09B98842D71}.Debug|Any CPU.ActiveCfg = Debug|Any CPU
		{29561801-F88F-454B-9087-E09B98842D71}.Debug|Any CPU.Build.0 = Debug|Any CPU
		{29561801-F88F-454B-9087-E09B98842D71}.Release|Any CPU.ActiveCfg = Release|Any CPU
		{29561801-F88F-454B-9087-E09B98842D71}.Release|Any CPU.Build.0 = Release|Any CPU
		{D82DE189-A1F9-476B-AABD-25B8181DD60E}.Debug|Any CPU.ActiveCfg = Debug|Any CPU
		{D82DE189-A1F9-476B-AABD-25B8181DD60E}.Debug|Any CPU.Build.0 = Debug|Any CPU
		{D82DE189-A1F9-476B-AABD-25B8181DD60E}.Release|Any CPU.ActiveCfg = Release|Any CPU
		{D82DE189-A1F9-476B-AABD-25B8181DD60E}.Release|Any CPU.Build.0 = Release|Any CPU
	EndGlobalSection
	GlobalSection(SolutionProperties) = preSolution
		HideSolutionNode = FALSE
	EndGlobalSection
EndGlobal
